# This file is automatically @generated by Cargo.
# It is not intended for manual editing.
version = 3

[[package]]
name = "rust-service"
version = "0.1.0"
dependencies = [
 "hyper",
 "openssl",
 "serde",
 "serde_json",
 "smallvec",
 "time 0.1.45",
 "tokio",
]

[[package]]
name = "time"
version = "0.1.45"
source = "registry+https://github.com/rust-lang/crates.io-index"
checksum = "1b797afad3f312d1c66a56d11d0316f916356d11bd158fbc6f6711ded984ae4d"

[[package]]
name = "smallvec"
version = "0.6.9"
source = "registry+https://github.com/rust-lang/crates.io-index"
checksum = "c4488ae950c49d403731982257768f48602791d8d7e701d0f6cf35e4c465c4e1"

[[package]]
name = "openssl"
version = "0.10.30"
source = "registry+https://github.com/rust-lang/crates.io-index"
checksum = "8d575eff3665419f9b83678ff2815858ad9d11567e082f5ac1814baba4e2bcb4"
dependencies = [
 "openssl-sys",
]

[[package]]
name = "openssl-sys"
version = "0.9.58"
source = "registry+https://github.com/rust-lang/crates.io-index"
checksum = "a842db4709b604f0fe5d1170ae3565899be2ad3d9cbc72dedc789ac0511f78de"

[[package]]
name = "hyper"
version = "0.14.4"
source = "registry+https://github.com/rust-lang/crates.io-index"
checksum = "e5e48ad47d579f729a9f18f5f2e0f53e48dc7d168ad4e1e40c48f49379208e83"

[[package]]
name = "tokio"
version = "1.8.0"
source = "registry+https://github.com/rust-lang/crates.io-index"
checksum = "fd9741dbe5e7cf43bfd7a4a3d32e35c8a0f1ddd8fbe2c4a72dfb67d1df8590a"

[[package]]
name = "serde"
version = "1.0.130"
source = "registry+https://github.com/rust-lang/crates.io-index"
checksum = "f12d06de37cf59146fbdfe62d6d9f56c57afb8e944d370d9c5e84f59b9837ab"

[[package]]
name = "serde_json"
version = "1.0.67"
source = "registry+https://github.com/rust-lang/crates.io-index"
checksum = "a7f9e390c27c3c0ce8bc5d725f6e4d30a29d26a494a4bea81fd4f9d6f0e3c63"
